{
    "name": "modelar-sqlite-adapter",
    "version": "3.0.0",
    "lockfileVersion": 1,
    "requires": true,
    "dependencies": {
        "@types/better-sqlite3": {
            "version": "3.1.3",
            "resolved": "https://registry.npmjs.org/@types/better-sqlite3/-/better-sqlite3-3.1.3.tgz",
            "integrity": "sha512-nnoebG2LgbK1WQ0dn7jtJ+RQJXcC/0G9oajJA7T+tKq2HrL9KzjMDKfe6sqkigg5HLH08WE4LRK3QDDYXPO1+w==",
            "requires": {
                "@types/integer": "1.0.0"
            }
        },
        "@types/integer": {
            "version": "1.0.0",
            "resolved": "https://registry.npmjs.org/@types/integer/-/integer-1.0.0.tgz",
            "integrity": "sha512-3viiRKLoSP2Qr78nMoQjkDc0fan4BgmpOyV1+1gKjE8wWXo3QQ78WItO6f9WuBf3qe3ymDYhM65oqHTOZ0rFxw=="
        },
        "better-sqlite-pool": {
            "version": "0.1.1",
            "resolved": "https://registry.npmjs.org/better-sqlite-pool/-/better-sqlite-pool-0.1.1.tgz",
            "integrity": "sha512-55/0EIl6wS6ornroZpCNi3sf4L4KvOV6YLC/VWtxQakmAZlGTT6ZE/fFy7Qv+cEtsKs7muzFXQMs9ljl/PmC2A==",
            "requires": {
                "@types/better-sqlite3": "3.1.3",
                "better-sqlite3": "4.1.0"
            }
        },
        "better-sqlite3": {
            "version": "4.1.0",
            "resolved": "https://registry.npmjs.org/better-sqlite3/-/better-sqlite3-4.1.0.tgz",
            "integrity": "sha512-IYcH1F14DfdIzDzSg7TF+0b+GpYmf6UFgV0ZWsaaczy548/S5LFMkYeKHl8EAOQQb1mSHt0lkJA0BGHMRwGOcg==",
            "requires": {
                "bindings": "1.3.0",
                "integer": "1.0.3",
                "lzz-gyp": "0.4.2"
            }
        },
        "bindings": {
            "version": "1.3.0",
            "resolved": "https://registry.npmjs.org/bindings/-/bindings-1.3.0.tgz",
            "integrity": "sha512-DpLh5EzMR2kzvX1KIlVC0VkC3iZtHKTgdtZ0a3pglBZdaQFjt5S9g9xd1lE+YvXyfd6mtCeRnrUfOLYiTMlNSw=="
        },
        "integer": {
            "version": "1.0.3",
            "resolved": "https://registry.npmjs.org/integer/-/integer-1.0.3.tgz",
            "integrity": "sha512-yXyGHha2cDP6qyc9EMR9SsRVYhD7gvmXgVdLhKbyE8seHx0WVo11RRRU1p+sQearQMe1Ezfc8prWx5BnmSaVVA==",
            "requires": {
                "bindings": "1.3.0"
            }
        },
        "lzz-gyp": {
            "version": "0.4.2",
            "resolved": "https://registry.npmjs.org/lzz-gyp/-/lzz-gyp-0.4.2.tgz",
            "integrity": "sha1-SVxEA0ofUMSKYPDvnCjUJ2Olspc="
        }
    }
}
